PODS:
  - QXMFatherHomeTbaListMoreVC (1.1.3)

DEPENDENCIES:
  - QXMFatherHomeTbaListMoreVC (from `../`)

EXTERNAL SOURCES:
  QXMFatherHomeTbaListMoreVC:
    :path: "../"

SPEC CHECKSUMS:
  QXMFatherHomeTbaListMoreVC: 098c01552fe924af5f794a031b0dacbf14c0c22b

PODFILE CHECKSUM: fa961f58e427483aa09adc22349cc5c959151940

COCOAPODS: 1.5.0.beta.1
